
Microsoft Visual Studio Solution File, Format Version 12.00
# Visual Studio Version 17
VisualStudioVersion = 17.3.32922.545
MinimumVisualStudioVersion = 10.0.40219.1
Project("{FAE04EC0-301F-11D3-BF4B-00C04F79EFBC}") = "BestPrice", "BestPrice.csproj", "{A974C087-F27C-41C0-953D-E9B1ADF22318}"
EndProject
Global
	GlobalSection(SolutionConfigurationPlatforms) = preSolution
		Debug|Any CPU = Debug|Any CPU
		Release|Any CPU = Release|Any CPU
	EndGlobalSection
	GlobalSection(ProjectConfigurationPlatforms) = postSolution
		{A974C087-F27C-41C0-953D-E9B1ADF22318}.Debug|Any CPU.ActiveCfg = Debug|Any CPU
		{A974C087-F27C-41C0-953D-E9B1ADF22318}.Debug|Any CPU.Build.0 = Debug|Any CPU
		{A974C087-F27C-41C0-953D-E9B1ADF22318}.Release|Any CPU.ActiveCfg = Release|Any CPU
		{A974C087-F27C-41C0-953D-E9B1ADF22318}.Release|Any CPU.Build.0 = Release|Any CPU
	EndGlobalSection
	GlobalSection(SolutionProperties) = preSolution
		HideSolutionNode = FALSE
	EndGlobalSection
	GlobalSection(ExtensibilityGlobals) = postSolution
		SolutionGuid = {30F9E3AA-92B0-451E-ABF3-DA6844D46C79}
	EndGlobalSection
EndGlobal
